
Microsoft Visual Studio Solution File, Format Version 12.00
# Visual Studio Version 16
VisualStudioVersion = 16.0.34301.259
MinimumVisualStudioVersion = 10.0.40219.1
Project("{FAE04EC0-301F-11D3-BF4B-00C04F79EFBC}") = "HeksaTest", "HeksaTest.csproj", "{3552991F-9203-4A6D-8E63-2E0CF05ADAEF}"
EndProject
Global
	GlobalSection(SolutionConfigurationPlatforms) = preSolution
		Debug|Any CPU = Debug|Any CPU
		Release|Any CPU = Release|Any CPU
	EndGlobalSection
	GlobalSection(ProjectConfigurationPlatforms) = postSolution
		{3552991F-9203-4A6D-8E63-2E0CF05ADAEF}.Debug|Any CPU.ActiveCfg = Debug|Any CPU
		{3552991F-9203-4A6D-8E63-2E0CF05ADAEF}.Debug|Any CPU.Build.0 = Debug|Any CPU
		{3552991F-9203-4A6D-8E63-2E0CF05ADAEF}.Release|Any CPU.ActiveCfg = Release|Any CPU
		{3552991F-9203-4A6D-8E63-2E0CF05ADAEF}.Release|Any CPU.Build.0 = Release|Any CPU
	EndGlobalSection
	GlobalSection(SolutionProperties) = preSolution
		HideSolutionNode = FALSE
	EndGlobalSection
	GlobalSection(ExtensibilityGlobals) = postSolution
		SolutionGuid = {5C7B0CCA-C74C-4273-AFC6-3FFB2769E36C}
	EndGlobalSection
EndGlobal
